schema: '2.0'
stages:
  preprocess:
    cmd: python src/preprocess.py
    deps:
    - path: data/raw/data.csv
      hash: md5
      md5: 739f3c9177b13d1c15aa060046cfb023
      size: 23872
    - path: src/preprocess.py
      hash: md5
      md5: b02575030d3340d6a79b9c5f073848b4
      size: 482
    params:
      params.yaml:
        preprocess.input: data/raw/data.csv
        preprocess.output: data/processed/data.csv
    outs:
    - path: data/processed/data.csv
      hash: md5
      md5: 478f6c9945e87f23d6e32638adf17e50
      size: 23960
  train:
    cmd: python src/train.py
    deps:
    - path: data/raw/data.csv
      hash: md5
      md5: 739f3c9177b13d1c15aa060046cfb023
      size: 23872
    - path: src/train.py
      hash: md5
      md5: 4388ddbf7ad5d636baf6598e3ba9ad49
      size: 3399
    params:
      params.yaml:
        train.data: data/raw/data.csv
        train.max_depth: 5
        train.model: models/model.pkl
        train.n_estimators: 100
        train.random_state: 42
    outs:
    - path: models/model.pkl
      hash: md5
      md5: 300d85baeeb5cc8ee824e5b13d25feea
      size: 1368081
  evaluate:
    cmd: python src/evaluate.py
    deps:
    - path: data/raw/data.csv
      hash: md5
      md5: 739f3c9177b13d1c15aa060046cfb023
      size: 23872
    - path: models/model.pkl
      hash: md5
      md5: 300d85baeeb5cc8ee824e5b13d25feea
      size: 1368081
    - path: src/evaluate.py
      hash: md5
      md5: 371c34740796b8b04aa0fc867f2697bb
      size: 1238
